github.com/creack/pty v1.1.18 h1:n56/Zwd5o6whRC5PMGretI4IdRLlmBXYNjScPaBgsbY=
github.com/creack/pty v1.1.18/go.mod h1:MOBLtS5ELjhRRrroQr9kyvTxUAFNvYEK993ew/Vr4O4=
github.com/sheik/freetype-go v0.1.1 h1:Rn4+TeuQUbezChnGujkX0UOsO0KQbcPJ1uzoFgObSGQ=
github.com/sheik/freetype-go v0.1.1/go.mod h1:dFQEATcTnhJjyezkUGGMSGOuHVrrggH4/7NCaGEgeEM=
github.com/sheik/graphics-go v0.1.1 h1:u9OUbnen+a083UlqH/nRV5ToXBM14WooNj0HBziN3yw=
github.com/sheik/graphics-go v0.1.1/go.mod h1:CaF1RX0E+szV19IOhPSuoTZS0WXsykrwygIsn1QUXmY=
github.com/sheik/xgb v0.1.1 h1:J2tkdeaTbYf6db8FSlEFVjYQgJMZCk/54tdJeRAYmd4=
github.com/sheik/xgb v0.1.1/go.mod h1:lfrSOGBT2UEe2h8oliygEvnk1QdpNzQjiduquyknxIk=
github.com/sheik/xgbutil v0.1.1 h1:xKHNZ5dDK+xk78u7tSgubwdH6JUiM2C92wQk2NE2DHY=
github.com/sheik/xgbutil v0.1.1/go.mod h1:ifNFvjQkoUhDP3vDFtOaSpMhcT+u6SSn+a9mxRB9i8Q=
